PODS:
  - Yoshi/Core (3.0.0)
  - Yoshi/QAKit (3.0.0):
    - Yoshi/Core

DEPENDENCIES:
  - Yoshi/QAKit (from `../`)

EXTERNAL SOURCES:
  Yoshi:
    :path: "../"

SPEC CHECKSUMS:
  Yoshi: a1669b5e9861e78dede97b85a3df118847a60b6a

PODFILE CHECKSUM: f378dad8675578704f8f855938e7a08bc938b90a

COCOAPODS: 1.12.0
